// !$*UTF8*$!
{
	archiveVersion = 1;
	classes = {
	};
	objectVersion = 56;
	objects = {

/* Begin PBXBuildFile section */
		8660535D2A1782EF00821ABD /* Utils.swift in Sources */ = {isa = PBXBuildFile; fileRef = 8660535C2A1782EF00821ABD /* Utils.swift */; };
		86691D0529D2B70E00E1C541 /* GoogleService-Info.plist in Resources */ = {isa = PBXBuildFile; fileRef = 86691D0429D2B70E00E1C541 /* GoogleService-Info.plist */; };
		86A763F02A31EDF0003C4914 /* ThreadHelper.swift in Sources */ = {isa = PBXBuildFile; fileRef = 86A763EF2A31EDF0003C4914 /* ThreadHelper.swift */; };
		86D11F3029D56C3900263593 /* userdefault.swift in Sources */ = {isa = PBXBuildFile; fileRef = 86D11F2F29D56C3900263593 /* userdefault.swift */; };
		86FC2EFB29D1947000531634 /* AppDelegate.swift in Sources */ = {isa = PBXBuildFile; fileRef = 86FC2EFA29D1947000531634 /* AppDelegate.swift */; };
		86FC2EFF29D1947000531634 /* ViewController.swift in Sources */ = {isa = PBXBuildFile; fileRef = 86FC2EFE29D1947000531634 /* ViewController.swift */; };
		86FC2F0229D1947000531634 /* Main.storyboard in Resources */ = {isa = PBXBuildFile; fileRef = 86FC2F0029D1947000531634 /* Main.storyboard */; };
		86FC2F0429D1947200531634 /* Assets.xcassets in Resources */ = {isa = PBXBuildFile; fileRef = 86FC2F0329D1947200531634 /* Assets.xcassets */; };
		86FC2F0729D1947200531634 /* LaunchScreen.storyboard in Resources */ = {isa = PBXBuildFile; fileRef = 86FC2F0529D1947200531634 /* LaunchScreen.storyboard */; };
		86FC2F0F29D197F800531634 /* WelcomeVC.swift in Sources */ = {isa = PBXBuildFile; fileRef = 86FC2F0E29D197F800531634 /* WelcomeVC.swift */; };
		9240AAFFED53FA54F6149909 /* Pods_LogInOut.framework in Frameworks */ = {isa = PBXBuildFile; fileRef = 924D569B7D8BC18A4E66B808 /* Pods_LogInOut.framework */; };
/* End PBXBuildFile section */

/* Begin PBXFileReference section */
		5B1816D1888634AB8F3F26B2 /* Pods-LogInOut.release.xcconfig */ = {isa = PBXFileReference; includeInIndex = 1; lastKnownFileType = text.xcconfig; name = "Pods-LogInOut.release.xcconfig"; path = "Target Support Files/Pods-LogInOut/Pods-LogInOut.release.xcconfig"; sourceTree = "<group>"; };
		865921FD68D773C8BB86D79C /* Pods-LogInOut.debug.xcconfig */ = {isa = PBXFileReference; includeInIndex = 1; lastKnownFileType = text.xcconfig; name = "Pods-LogInOut.debug.xcconfig"; path = "Target Support Files/Pods-LogInOut/Pods-LogInOut.debug.xcconfig"; sourceTree = "<group>"; };
		8660535C2A1782EF00821ABD /* Utils.swift */ = {isa = PBXFileReference; lastKnownFileType = sourcecode.swift; path = Utils.swift; sourceTree = "<group>"; };
		86691D0429D2B70E00E1C541 /* GoogleService-Info.plist */ = {isa = PBXFileReference; fileEncoding = 4; lastKnownFileType = text.plist.xml; path = "GoogleService-Info.plist"; sourceTree = "<group>"; };
		86A763EF2A31EDF0003C4914 /* ThreadHelper.swift */ = {isa = PBXFileReference; lastKnownFileType = sourcecode.swift; path = ThreadHelper.swift; sourceTree = "<group>"; };
		86D11F2F29D56C3900263593 /* userdefault.swift */ = {isa = PBXFileReference; lastKnownFileType = sourcecode.swift; path = userdefault.swift; sourceTree = "<group>"; };
		86FC2EF729D1947000531634 /* LogInOut.app */ = {isa = PBXFileReference; explicitFileType = wrapper.application; includeInIndex = 0; path = LogInOut.app; sourceTree = BUILT_PRODUCTS_DIR; };
		86FC2EFA29D1947000531634 /* AppDelegate.swift */ = {isa = PBXFileReference; lastKnownFileType = sourcecode.swift; path = AppDelegate.swift; sourceTree = "<group>"; };
		86FC2EFE29D1947000531634 /* ViewController.swift */ = {isa = PBXFileReference; lastKnownFileType = sourcecode.swift; path = ViewController.swift; sourceTree = "<group>"; };
		86FC2F0129D1947000531634 /* Base */ = {isa = PBXFileReference; lastKnownFileType = file.storyboard; name = Base; path = Base.lproj/Main.storyboard; sourceTree = "<group>"; };
		86FC2F0329D1947200531634 /* Assets.xcassets */ = {isa = PBXFileReference; lastKnownFileType = folder.assetcatalog; path = Assets.xcassets; sourceTree = "<group>"; };
		86FC2F0629D1947200531634 /* Base */ = {isa = PBXFileReference; lastKnownFileType = file.storyboard; name = Base; path = Base.lproj/LaunchScreen.storyboard; sourceTree = "<group>"; };
		86FC2F0829D1947200531634 /* Info.plist */ = {isa = PBXFileReference; lastKnownFileType = text.plist.xml; path = Info.plist; sourceTree = "<group>"; };
		86FC2F0E29D197F800531634 /* WelcomeVC.swift */ = {isa = PBXFileReference; lastKnownFileType = sourcecode.swift; path = WelcomeVC.swift; sourceTree = "<group>"; };
		924D569B7D8BC18A4E66B808 /* Pods_LogInOut.framework */ = {isa = PBXFileReference; explicitFileType = wrapper.framework; includeInIndex = 0; path = Pods_LogInOut.framework; sourceTree = BUILT_PRODUCTS_DIR; };
/* End PBXFileReference section */

/* Begin PBXFrameworksBuildPhase section */
		86FC2EF429D1947000531634 /* Frameworks */ = {
			isa = PBXFrameworksBuildPhase;
			buildActionMask = 2147483647;
			files = (
				9240AAFFED53FA54F6149909 /* Pods_LogInOut.framework in Frameworks */,
			);
			runOnlyForDeploymentPostprocessing = 0;
		};
/* End PBXFrameworksBuildPhase section */

/* Begin PBXGroup section */
		8660535B2A174D5B00821ABD /* Helper */ = {
			isa = PBXGroup;
			children = (
				86D11F2F29D56C3900263593 /* userdefault.swift */,
				86A763EF2A31EDF0003C4914 /* ThreadHelper.swift */,
				8660535C2A1782EF00821ABD /* Utils.swift */,
				86691D0429D2B70E00E1C541 /* GoogleService-Info.plist */,
			);
			path = Helper;
			sourceTree = "<group>";
		};
		8660535E2A1793D500821ABD /* Aplictions */ = {
			isa = PBXGroup;
			children = (
				86FC2EFA29D1947000531634 /* AppDelegate.swift */,
				866053612A17948500821ABD /* InfoPlist */,
				866053602A17944600821ABD /* LaunchScreen */,
			);
			path = Aplictions;
			sourceTree = "<group>";
		};
		866053602A17944600821ABD /* LaunchScreen */ = {
			isa = PBXGroup;
			children = (
				86FC2F0529D1947200531634 /* LaunchScreen.storyboard */,
			);
			path = LaunchScreen;
			sourceTree = "<group>";
		};
		866053612A17948500821ABD /* InfoPlist */ = {
			isa = PBXGroup;
			children = (
				86FC2F0829D1947200531634 /* Info.plist */,
			);
			path = InfoPlist;
			sourceTree = "<group>";
		};
		866053622A17951E00821ABD /* Storyboards */ = {
			isa = PBXGroup;
			children = (
				86FC2F0029D1947000531634 /* Main.storyboard */,
			);
			path = Storyboards;
			sourceTree = "<group>";
		};
		866053632A17955C00821ABD /* Resources */ = {
			isa = PBXGroup;
			children = (
				86FC2F0329D1947200531634 /* Assets.xcassets */,
			);
			path = Resources;
			sourceTree = "<group>";
		};
		86FC2EEE29D1947000531634 = {
			isa = PBXGroup;
			children = (
				86FC2EF929D1947000531634 /* LogInOut */,
				86FC2EF829D1947000531634 /* Products */,
				AEA0E018BF2C984047D36FEE /* Pods */,
				A18528BFC95AC0B6A91C67F2 /* Frameworks */,
			);
			sourceTree = "<group>";
		};
		86FC2EF829D1947000531634 /* Products */ = {
			isa = PBXGroup;
			children = (
				86FC2EF729D1947000531634 /* LogInOut.app */,
			);
			name = Products;
			sourceTree = "<group>";
		};
		86FC2EF929D1947000531634 /* LogInOut */ = {
			isa = PBXGroup;
			children = (
				8660535E2A1793D500821ABD /* Aplictions */,
				8660535B2A174D5B00821ABD /* Helper */,
				86FC2EFE29D1947000531634 /* ViewController.swift */,
				86FC2F0E29D197F800531634 /* WelcomeVC.swift */,
				866053622A17951E00821ABD /* Storyboards */,
				866053632A17955C00821ABD /* Resources */,
			);
			path = LogInOut;
			sourceTree = "<group>";
		};
		A18528BFC95AC0B6A91C67F2 /* Frameworks */ = {
			isa = PBXGroup;
			children = (
				924D569B7D8BC18A4E66B808 /* Pods_LogInOut.framework */,
			);
			name = Frameworks;
			sourceTree = "<group>";
		};
		AEA0E018BF2C984047D36FEE /* Pods */ = {
			isa = PBXGroup;
			children = (
				865921FD68D773C8BB86D79C /* Pods-LogInOut.debug.xcconfig */,
				5B1816D1888634AB8F3F26B2 /* Pods-LogInOut.release.xcconfig */,
			);
			path = Pods;
			sourceTree = "<group>";
		};
/* End PBXGroup section */

/* Begin PBXNativeTarget section */
		86FC2EF629D1947000531634 /* LogInOut */ = {
			isa = PBXNativeTarget;
			buildConfigurationList = 86FC2F0B29D1947200531634 /* Build configuration list for PBXNativeTarget "LogInOut" */;
			buildPhases = (
				BE15855D39ADEBBA913D656C /* [CP] Check Pods Manifest.lock */,
				86FC2EF329D1947000531634 /* Sources */,
				86FC2EF429D1947000531634 /* Frameworks */,
				86FC2EF529D1947000531634 /* Resources */,
				237EE9FD17A5AB17DD973EE5 /* [CP] Embed Pods Frameworks */,
			);
			buildRules = (
			);
			dependencies = (
			);
			name = LogInOut;
			productName = LogInOut;
			productReference = 86FC2EF729D1947000531634 /* LogInOut.app */;
			productType = "com.apple.product-type.application";
		};
/* End PBXNativeTarget section */

/* Begin PBXProject section */
		86FC2EEF29D1947000531634 /* Project object */ = {
			isa = PBXProject;
			attributes = {
				BuildIndependentTargetsInParallel = 1;
				LastSwiftUpdateCheck = 1420;
				LastUpgradeCheck = 1420;
				TargetAttributes = {
					86FC2EF629D1947000531634 = {
						CreatedOnToolsVersion = 14.2;
					};
				};
			};
			buildConfigurationList = 86FC2EF229D1947000531634 /* Build configuration list for PBXProject "LogInOut" */;
			compatibilityVersion = "Xcode 14.0";
			developmentRegion = en;
			hasScannedForEncodings = 0;
			knownRegions = (
				en,
				Base,
			);
			mainGroup = 86FC2EEE29D1947000531634;
			productRefGroup = 86FC2EF829D1947000531634 /* Products */;
			projectDirPath = "";
			projectRoot = "";
			targets = (
				86FC2EF629D1947000531634 /* LogInOut */,
			);
		};
/* End PBXProject section */

/* Begin PBXResourcesBuildPhase section */
		86FC2EF529D1947000531634 /* Resources */ = {
			isa = PBXResourcesBuildPhase;
			buildActionMask = 2147483647;
			files = (
				86FC2F0729D1947200531634 /* LaunchScreen.storyboard in Resources */,
				86691D0529D2B70E00E1C541 /* GoogleService-Info.plist in Resources */,
				86FC2F0429D1947200531634 /* Assets.xcassets in Resources */,
				86FC2F0229D1947000531634 /* Main.storyboard in Resources */,
			);
			runOnlyForDeploymentPostprocessing = 0;
		};
/* End PBXResourcesBuildPhase section */

/* Begin PBXShellScriptBuildPhase section */
		237EE9FD17A5AB17DD973EE5 /* [CP] Embed Pods Frameworks */ = {
			isa = PBXShellScriptBuildPhase;
			buildActionMask = 2147483647;
			files = (
			);
			inputFileListPaths = (
				"${PODS_ROOT}/Target Support Files/Pods-LogInOut/Pods-LogInOut-frameworks-${CONFIGURATION}-input-files.xcfilelist",
			);
			name = "[CP] Embed Pods Frameworks";
			outputFileListPaths = (
				"${PODS_ROOT}/Target Support Files/Pods-LogInOut/Pods-LogInOut-frameworks-${CONFIGURATION}-output-files.xcfilelist",
			);
			runOnlyForDeploymentPostprocessing = 0;
			shellPath = /bin/sh;
			shellScript = "\"${PODS_ROOT}/Target Support Files/Pods-LogInOut/Pods-LogInOut-frameworks.sh\"\n";
			showEnvVarsInLog = 0;
		};
		BE15855D39ADEBBA913D656C /* [CP] Check Pods Manifest.lock */ = {
			isa = PBXShellScriptBuildPhase;
			buildActionMask = 2147483647;
			files = (
			);
			inputFileListPaths = (
			);
			inputPaths = (
				"${PODS_PODFILE_DIR_PATH}/Podfile.lock",
				"${PODS_ROOT}/Manifest.lock",
			);
			name = "[CP] Check Pods Manifest.lock";
			outputFileListPaths = (
			);
			outputPaths = (
				"$(DERIVED_FILE_DIR)/Pods-LogInOut-checkManifestLockResult.txt",
			);
			runOnlyForDeploymentPostprocessing = 0;
			shellPath = /bin/sh;
			shellScript = "diff \"${PODS_PODFILE_DIR_PATH}/Podfile.lock\" \"${PODS_ROOT}/Manifest.lock\" > /dev/null\nif [ $? != 0 ] ; then\n    # print error to STDERR\n    echo \"error: The sandbox is not in sync with the Podfile.lock. Run 'pod install' or update your CocoaPods installation.\" >&2\n    exit 1\nfi\n# This output is used by Xcode 'outputs' to avoid re-running this script phase.\necho \"SUCCESS\" > \"${SCRIPT_OUTPUT_FILE_0}\"\n";
			showEnvVarsInLog = 0;
		};
/* End PBXShellScriptBuildPhase section */

/* Begin PBXSourcesBuildPhase section */
		86FC2EF329D1947000531634 /* Sources */ = {
			isa = PBXSourcesBuildPhase;
			buildActionMask = 2147483647;
			files = (
				8660535D2A1782EF00821ABD /* Utils.swift in Sources */,
				86FC2EFF29D1947000531634 /* ViewController.swift in Sources */,
				86FC2EFB29D1947000531634 /* AppDelegate.swift in Sources */,
				86FC2F0F29D197F800531634 /* WelcomeVC.swift in Sources */,
				86D11F3029D56C3900263593 /* userdefault.swift in Sources */,
				86A763F02A31EDF0003C4914 /* ThreadHelper.swift in Sources */,
			);
			runOnlyForDeploymentPostprocessing = 0;
		};
/* End PBXSourcesBuildPhase section */

/* Begin PBXVariantGroup section */
		86FC2F0029D1947000531634 /* Main.storyboard */ = {
			isa = PBXVariantGroup;
			children = (
				86FC2F0129D1947000531634 /* Base */,
			);
			name = Main.storyboard;
			sourceTree = "<group>";
		};
		86FC2F0529D1947200531634 /* LaunchScreen.storyboard */ = {
			isa = PBXVariantGroup;
			children = (
				86FC2F0629D1947200531634 /* Base */,
			);
			name = LaunchScreen.storyboard;
			sourceTree = "<group>";
		};
/* End PBXVariantGroup section */

/* Begin XCBuildConfiguration section */
		86FC2F0929D1947200531634 /* Debug */ = {
			isa = XCBuildConfiguration;
			buildSettings = {
				ALWAYS_SEARCH_USER_PATHS = NO;
				CLANG_ANALYZER_NONNULL = YES;
				CLANG_ANALYZER_NUMBER_OBJECT_CONVERSION = YES_AGGRESSIVE;
				CLANG_CXX_LANGUAGE_STANDARD = "gnu++20";
				CLANG_ENABLE_MODULES = YES;
				CLANG_ENABLE_OBJC_ARC = YES;
				CLANG_ENABLE_OBJC_WEAK = YES;
				CLANG_WARN_BLOCK_CAPTURE_AUTORELEASING = YES;
				CLANG_WARN_BOOL_CONVERSION = YES;
				CLANG_WARN_COMMA = YES;
				CLANG_WARN_CONSTANT_CONVERSION = YES;
				CLANG_WARN_DEPRECATED_OBJC_IMPLEMENTATIONS = YES;
				CLANG_WARN_DIRECT_OBJC_ISA_USAGE = YES_ERROR;
				CLANG_WARN_DOCUMENTATION_COMMENTS = YES;
				CLANG_WARN_EMPTY_BODY = YES;
				CLANG_WARN_ENUM_CONVERSION = YES;
				CLANG_WARN_INFINITE_RECURSION = YES;
				CLANG_WARN_INT_CONVERSION = YES;
				CLANG_WARN_NON_LITERAL_NULL_CONVERSION = YES;
				CLANG_WARN_OBJC_IMPLICIT_RETAIN_SELF = YES;
				CLANG_WARN_OBJC_LITERAL_CONVERSION = YES;
				CLANG_WARN_OBJC_ROOT_CLASS = YES_ERROR;
				CLANG_WARN_QUOTED_INCLUDE_IN_FRAMEWORK_HEADER = YES;
				CLANG_WARN_RANGE_LOOP_ANALYSIS = YES;
				CLANG_WARN_STRICT_PROTOTYPES = YES;
				CLANG_WARN_SUSPICIOUS_MOVE = YES;
				CLANG_WARN_UNGUARDED_AVAILABILITY = YES_AGGRESSIVE;
				CLANG_WARN_UNREACHABLE_CODE = YES;
				CLANG_WARN__DUPLICATE_METHOD_MATCH = YES;
				COPY_PHASE_STRIP = NO;
				DEBUG_INFORMATION_FORMAT = dwarf;
				ENABLE_STRICT_OBJC_MSGSEND = YES;
				ENABLE_TESTABILITY = YES;
				GCC_C_LANGUAGE_STANDARD = gnu11;
				GCC_DYNAMIC_NO_PIC = NO;
				GCC_NO_COMMON_BLOCKS = YES;
				GCC_OPTIMIZATION_LEVEL = 0;
				GCC_PREPROCESSOR_DEFINITIONS = (
					"DEBUG=1",
					"$(inherited)",
				);
				GCC_WARN_64_TO_32_BIT_CONVERSION = YES;
				GCC_WARN_ABOUT_RETURN_TYPE = YES_ERROR;
				GCC_WARN_UNDECLARED_SELECTOR = YES;
				GCC_WARN_UNINITIALIZED_AUTOS = YES_AGGRESSIVE;
				GCC_WARN_UNUSED_FUNCTION = YES;
				GCC_WARN_UNUSED_VARIABLE = YES;
				IPHONEOS_DEPLOYMENT_TARGET = 16.2;
				MTL_ENABLE_DEBUG_INFO = INCLUDE_SOURCE;
				MTL_FAST_MATH = YES;
				ONLY_ACTIVE_ARCH = YES;
				SDKROOT = iphoneos;
				SWIFT_ACTIVE_COMPILATION_CONDITIONS = DEBUG;
				SWIFT_OPTIMIZATION_LEVEL = "-Onone";
			};
			name = Debug;
		};
		86FC2F0A29D1947200531634 /* Release */ = {
			isa = XCBuildConfiguration;
			buildSettings = {
				ALWAYS_SEARCH_USER_PATHS = NO;
				CLANG_ANALYZER_NONNULL = YES;
				CLANG_ANALYZER_NUMBER_OBJECT_CONVERSION = YES_AGGRESSIVE;
				CLANG_CXX_LANGUAGE_STANDARD = "gnu++20";
				CLANG_ENABLE_MODULES = YES;
				CLANG_ENABLE_OBJC_ARC = YES;
				CLANG_ENABLE_OBJC_WEAK = YES;
				CLANG_WARN_BLOCK_CAPTURE_AUTORELEASING = YES;
				CLANG_WARN_BOOL_CONVERSION = YES;
				CLANG_WARN_COMMA = YES;
				CLANG_WARN_CONSTANT_CONVERSION = YES;
				CLANG_WARN_DEPRECATED_OBJC_IMPLEMENTATIONS = YES;
				CLANG_WARN_DIRECT_OBJC_ISA_USAGE = YES_ERROR;
				CLANG_WARN_DOCUMENTATION_COMMENTS = YES;
				CLANG_WARN_EMPTY_BODY = YES;
				CLANG_WARN_ENUM_CONVERSION = YES;
				CLANG_WARN_INFINITE_RECURSION = YES;
				CLANG_WARN_INT_CONVERSION = YES;
				CLANG_WARN_NON_LITERAL_NULL_CONVERSION = YES;
				CLANG_WARN_OBJC_IMPLICIT_RETAIN_SELF = YES;
				CLANG_WARN_OBJC_LITERAL_CONVERSION = YES;
				CLANG_WARN_OBJC_ROOT_CLASS = YES_ERROR;
				CLANG_WARN_QUOTED_INCLUDE_IN_FRAMEWORK_HEADER = YES;
				CLANG_WARN_RANGE_LOOP_ANALYSIS = YES;
				CLANG_WARN_STRICT_PROTOTYPES = YES;
				CLANG_WARN_SUSPICIOUS_MOVE = YES;
				CLANG_WARN_UNGUARDED_AVAILABILITY = YES_AGGRESSIVE;
				CLANG_WARN_UNREACHABLE_CODE = YES;
				CLANG_WARN__DUPLICATE_METHOD_MATCH = YES;
				COPY_PHASE_STRIP = NO;
				DEBUG_INFORMATION_FORMAT = "dwarf-with-dsym";
				ENABLE_NS_ASSERTIONS = NO;
				ENABLE_STRICT_OBJC_MSGSEND = YES;
				GCC_C_LANGUAGE_STANDARD = gnu11;
				GCC_NO_COMMON_BLOCKS = YES;
				GCC_WARN_64_TO_32_BIT_CONVERSION = YES;
				GCC_WARN_ABOUT_RETURN_TYPE = YES_ERROR;
				GCC_WARN_UNDECLARED_SELECTOR = YES;
				GCC_WARN_UNINITIALIZED_AUTOS = YES_AGGRESSIVE;
				GCC_WARN_UNUSED_FUNCTION = YES;
				GCC_WARN_UNUSED_VARIABLE = YES;
				IPHONEOS_DEPLOYMENT_TARGET = 16.2;
				MTL_ENABLE_DEBUG_INFO = NO;
				MTL_FAST_MATH = YES;
				SDKROOT = iphoneos;
				SWIFT_COMPILATION_MODE = wholemodule;
				SWIFT_OPTIMIZATION_LEVEL = "-O";
				VALIDATE_PRODUCT = YES;
			};
			name = Release;
		};
		86FC2F0C29D1947200531634 /* Debug */ = {
			isa = XCBuildConfiguration;
			baseConfigurationReference = 865921FD68D773C8BB86D79C /* Pods-LogInOut.debug.xcconfig */;
			buildSettings = {
				ASSETCATALOG_COMPILER_APPICON_NAME = AppIcon;
				ASSETCATALOG_COMPILER_GLOBAL_ACCENT_COLOR_NAME = AccentColor;
				CODE_SIGN_STYLE = Automatic;
				CURRENT_PROJECT_VERSION = 1;
				GENERATE_INFOPLIST_FILE = YES;
				INFOPLIST_FILE = LogInOut/Aplictions/InfoPlist/Info.plist;
				INFOPLIST_KEY_UIApplicationSupportsIndirectInputEvents = YES;
				INFOPLIST_KEY_UILaunchStoryboardName = LaunchScreen;
				INFOPLIST_KEY_UIMainStoryboardFile = Main;
				INFOPLIST_KEY_UISupportedInterfaceOrientations_iPad = "UIInterfaceOrientationPortrait UIInterfaceOrientationPortraitUpsideDown UIInterfaceOrientationLandscapeLeft UIInterfaceOrientationLandscapeRight";
				INFOPLIST_KEY_UISupportedInterfaceOrientations_iPhone = "UIInterfaceOrientationPortrait UIInterfaceOrientationLandscapeLeft UIInterfaceOrientationLandscapeRight";
				IPHONEOS_DEPLOYMENT_TARGET = 15.0;
				LD_RUNPATH_SEARCH_PATHS = (
					"$(inherited)",
					"@executable_path/Frameworks",
				);
				MARKETING_VERSION = 1.0;
				PRODUCT_BUNDLE_IDENTIFIER = demoProjrct.LogInOut;
				PRODUCT_NAME = "$(TARGET_NAME)";
				SWIFT_EMIT_LOC_STRINGS = YES;
				SWIFT_VERSION = 5.0;
				TARGETED_DEVICE_FAMILY = "1,2";
			};
			name = Debug;
		};
		86FC2F0D29D1947200531634 /* Release */ = {
			isa = XCBuildConfiguration;
			baseConfigurationReference = 5B1816D1888634AB8F3F26B2 /* Pods-LogInOut.release.xcconfig */;
			buildSettings = {
				ASSETCATALOG_COMPILER_APPICON_NAME = AppIcon;
				ASSETCATALOG_COMPILER_GLOBAL_ACCENT_COLOR_NAME = AccentColor;
				CODE_SIGN_STYLE = Automatic;
				CURRENT_PROJECT_VERSION = 1;
				GENERATE_INFOPLIST_FILE = YES;
				INFOPLIST_FILE = LogInOut/Aplictions/InfoPlist/Info.plist;
				INFOPLIST_KEY_UIApplicationSupportsIndirectInputEvents = YES;
				INFOPLIST_KEY_UILaunchStoryboardName = LaunchScreen;
				INFOPLIST_KEY_UIMainStoryboardFile = Main;
				INFOPLIST_KEY_UISupportedInterfaceOrientations_iPad = "UIInterfaceOrientationPortrait UIInterfaceOrientationPortraitUpsideDown UIInterfaceOrientationLandscapeLeft UIInterfaceOrientationLandscapeRight";
				INFOPLIST_KEY_UISupportedInterfaceOrientations_iPhone = "UIInterfaceOrientationPortrait UIInterfaceOrientationLandscapeLeft UIInterfaceOrientationLandscapeRight";
				IPHONEOS_DEPLOYMENT_TARGET = 15.0;
				LD_RUNPATH_SEARCH_PATHS = (
					"$(inherited)",
					"@executable_path/Frameworks",
				);
				MARKETING_VERSION = 1.0;
				PRODUCT_BUNDLE_IDENTIFIER = demoProjrct.LogInOut;
				PRODUCT_NAME = "$(TARGET_NAME)";
				SWIFT_EMIT_LOC_STRINGS = YES;
				SWIFT_VERSION = 5.0;
				TARGETED_DEVICE_FAMILY = "1,2";
			};
			name = Release;
		};
/* End XCBuildConfiguration section */

/* Begin XCConfigurationList section */
		86FC2EF229D1947000531634 /* Build configuration list for PBXProject "LogInOut" */ = {
			isa = XCConfigurationList;
			buildConfigurations = (
				86FC2F0929D1947200531634 /* Debug */,
				86FC2F0A29D1947200531634 /* Release */,
			);
			defaultConfigurationIsVisible = 0;
			defaultConfigurationName = Release;
		};
		86FC2F0B29D1947200531634 /* Build configuration list for PBXNativeTarget "LogInOut" */ = {
			isa = XCConfigurationList;
			buildConfigurations = (
				86FC2F0C29D1947200531634 /* Debug */,
				86FC2F0D29D1947200531634 /* Release */,
			);
			defaultConfigurationIsVisible = 0;
			defaultConfigurationName = Release;
		};
/* End XCConfigurationList section */
	};
	rootObject = 86FC2EEF29D1947000531634 /* Project object */;
}
